
Microsoft Visual Studio Solution File, Format Version 12.00
# Visual Studio Version 17
VisualStudioVersion = 17.11.35303.130
MinimumVisualStudioVersion = 10.0.40219.1
Project("{FAE04EC0-301F-11D3-BF4B-00C04F79EFBC}") = "Demo", "Demo\Demo.csproj", "{FFEA3167-6CBF-4A31-B466-7C59C4D1D9B2}"
EndProject
Global
	GlobalSection(SolutionConfigurationPlatforms) = preSolution
		Debug|Any CPU = Debug|Any CPU
		Release|Any CPU = Release|Any CPU
	EndGlobalSection
	GlobalSection(ProjectConfigurationPlatforms) = postSolution
		{FFEA3167-6CBF-4A31-B466-7C59C4D1D9B2}.Debug|Any CPU.ActiveCfg = Debug|Any CPU
		{FFEA3167-6CBF-4A31-B466-7C59C4D1D9B2}.Debug|Any CPU.Build.0 = Debug|Any CPU
		{FFEA3167-6CBF-4A31-B466-7C59C4D1D9B2}.Release|Any CPU.ActiveCfg = Release|Any CPU
		{FFEA3167-6CBF-4A31-B466-7C59C4D1D9B2}.Release|Any CPU.Build.0 = Release|Any CPU
	EndGlobalSection
	GlobalSection(SolutionProperties) = preSolution
		HideSolutionNode = FALSE
	EndGlobalSection
	GlobalSection(ExtensibilityGlobals) = postSolution
		SolutionGuid = {97631042-5E1F-4EB9-81CB-B9CEF878BCEE}
	EndGlobalSection
EndGlobal
